
Microsoft Visual Studio Solution File, Format Version 12.00
# Visual Studio Version 16
VisualStudioVersion = 16.0.30225.117
MinimumVisualStudioVersion = 10.0.40219.1
Project("{2150E333-8FDC-42A3-9474-1A3956D46DE8}") = "src", "src", "{6EF307C6-7ACF-4CB0-9104-67830CF3937B}"
EndProject
Project("{2150E333-8FDC-42A3-9474-1A3956D46DE8}") = "tests", "tests", "{506BB0B8-07BF-4737-851B-6856E2BD3584}"
EndProject
Project("{9A19103F-16F7-4668-BE54-9A1E7A4F7556}") = "SiKon.Core", "src\SiKon.Core\SiKon.Core.csproj", "{E954DE57-2D66-4934-B7F5-C3A52A5C7646}"
EndProject
Project("{FAE04EC0-301F-11D3-BF4B-00C04F79EFBC}") = "SiKon.WebAPI", "src\SiKon.WebAPI\SiKon.WebAPI.csproj", "{CC0FF4B4-0FF7-483F-9100-A732B2546793}"
EndProject
Project("{FAE04EC0-301F-11D3-BF4B-00C04F79EFBC}") = "SiKon.WebUI", "src\SiKon.WebUI\SiKon.WebUI.csproj", "{49A95D93-676D-4D3D-AD50-25B03B903D4B}"
EndProject
Global
	GlobalSection(SolutionConfigurationPlatforms) = preSolution
		Debug|Any CPU = Debug|Any CPU
		Release|Any CPU = Release|Any CPU
	EndGlobalSection
	GlobalSection(ProjectConfigurationPlatforms) = postSolution
		{E954DE57-2D66-4934-B7F5-C3A52A5C7646}.Debug|Any CPU.ActiveCfg = Debug|Any CPU
		{E954DE57-2D66-4934-B7F5-C3A52A5C7646}.Debug|Any CPU.Build.0 = Debug|Any CPU
		{E954DE57-2D66-4934-B7F5-C3A52A5C7646}.Release|Any CPU.ActiveCfg = Release|Any CPU
		{E954DE57-2D66-4934-B7F5-C3A52A5C7646}.Release|Any CPU.Build.0 = Release|Any CPU
		{CC0FF4B4-0FF7-483F-9100-A732B2546793}.Debug|Any CPU.ActiveCfg = Debug|Any CPU
		{CC0FF4B4-0FF7-483F-9100-A732B2546793}.Debug|Any CPU.Build.0 = Debug|Any CPU
		{CC0FF4B4-0FF7-483F-9100-A732B2546793}.Release|Any CPU.ActiveCfg = Release|Any CPU
		{CC0FF4B4-0FF7-483F-9100-A732B2546793}.Release|Any CPU.Build.0 = Release|Any CPU
		{49A95D93-676D-4D3D-AD50-25B03B903D4B}.Debug|Any CPU.ActiveCfg = Debug|Any CPU
		{49A95D93-676D-4D3D-AD50-25B03B903D4B}.Debug|Any CPU.Build.0 = Debug|Any CPU
		{49A95D93-676D-4D3D-AD50-25B03B903D4B}.Release|Any CPU.ActiveCfg = Release|Any CPU
		{49A95D93-676D-4D3D-AD50-25B03B903D4B}.Release|Any CPU.Build.0 = Release|Any CPU
	EndGlobalSection
	GlobalSection(SolutionProperties) = preSolution
		HideSolutionNode = FALSE
	EndGlobalSection
	GlobalSection(NestedProjects) = preSolution
		{E954DE57-2D66-4934-B7F5-C3A52A5C7646} = {6EF307C6-7ACF-4CB0-9104-67830CF3937B}
		{CC0FF4B4-0FF7-483F-9100-A732B2546793} = {6EF307C6-7ACF-4CB0-9104-67830CF3937B}
		{49A95D93-676D-4D3D-AD50-25B03B903D4B} = {6EF307C6-7ACF-4CB0-9104-67830CF3937B}
	EndGlobalSection
	GlobalSection(ExtensibilityGlobals) = postSolution
		SolutionGuid = {C4A716B7-447D-415C-BC2C-3F64C07D66AB}
	EndGlobalSection
EndGlobal
