
Microsoft Visual Studio Solution File, Format Version 12.00
# Visual Studio Version 16
VisualStudioVersion = 16.0.30225.117
MinimumVisualStudioVersion = 10.0.40219.1
Project("{2150E333-8FDC-42A3-9474-1A3956D46DE8}") = "src", "src", "{6EF307C6-7ACF-4CB0-9104-67830CF3937B}"
EndProject
Project("{2150E333-8FDC-42A3-9474-1A3956D46DE8}") = "tests", "tests", "{506BB0B8-07BF-4737-851B-6856E2BD3584}"
EndProject
Project("{9A19103F-16F7-4668-BE54-9A1E7A4F7556}") = "SiKon.Domain", "src\SiKon.Domain\SiKon.Domain.csproj", "{28AFD6F4-B79B-486A-8F91-A61FDB355B29}"
EndProject
Project("{9A19103F-16F7-4668-BE54-9A1E7A4F7556}") = "SiKon.Application", "src\SiKon.Application\SiKon.Application.csproj", "{4873F440-3D2A-43E0-B81A-171F588CB3B6}"
EndProject
Project("{9A19103F-16F7-4668-BE54-9A1E7A4F7556}") = "SiKon.Infrastructure", "src\SiKon.Infrastructure\SiKon.Infrastructure.csproj", "{4B08FDE7-4AD3-4A54-95D6-5E64CCB30F51}"
EndProject
Project("{9A19103F-16F7-4668-BE54-9A1E7A4F7556}") = "SiKon.WebAPI", "src\SiKon.WebAPI\SiKon.WebAPI.csproj", "{EE476FEC-F6A6-4819-B34B-07E44CE1963B}"
EndProject
Project("{9A19103F-16F7-4668-BE54-9A1E7A4F7556}") = "SiKon.Shared", "src\SiKon.Shared\SiKon.Shared.csproj", "{5807643C-2B23-4330-A2EA-79855AC6C1DE}"
EndProject
Global
	GlobalSection(SolutionConfigurationPlatforms) = preSolution
		Debug|Any CPU = Debug|Any CPU
		Release|Any CPU = Release|Any CPU
	EndGlobalSection
	GlobalSection(ProjectConfigurationPlatforms) = postSolution
		{28AFD6F4-B79B-486A-8F91-A61FDB355B29}.Debug|Any CPU.ActiveCfg = Debug|Any CPU
		{28AFD6F4-B79B-486A-8F91-A61FDB355B29}.Debug|Any CPU.Build.0 = Debug|Any CPU
		{28AFD6F4-B79B-486A-8F91-A61FDB355B29}.Release|Any CPU.ActiveCfg = Release|Any CPU
		{28AFD6F4-B79B-486A-8F91-A61FDB355B29}.Release|Any CPU.Build.0 = Release|Any CPU
		{4873F440-3D2A-43E0-B81A-171F588CB3B6}.Debug|Any CPU.ActiveCfg = Debug|Any CPU
		{4873F440-3D2A-43E0-B81A-171F588CB3B6}.Debug|Any CPU.Build.0 = Debug|Any CPU
		{4873F440-3D2A-43E0-B81A-171F588CB3B6}.Release|Any CPU.ActiveCfg = Release|Any CPU
		{4873F440-3D2A-43E0-B81A-171F588CB3B6}.Release|Any CPU.Build.0 = Release|Any CPU
		{4B08FDE7-4AD3-4A54-95D6-5E64CCB30F51}.Debug|Any CPU.ActiveCfg = Debug|Any CPU
		{4B08FDE7-4AD3-4A54-95D6-5E64CCB30F51}.Debug|Any CPU.Build.0 = Debug|Any CPU
		{4B08FDE7-4AD3-4A54-95D6-5E64CCB30F51}.Release|Any CPU.ActiveCfg = Release|Any CPU
		{4B08FDE7-4AD3-4A54-95D6-5E64CCB30F51}.Release|Any CPU.Build.0 = Release|Any CPU
		{EE476FEC-F6A6-4819-B34B-07E44CE1963B}.Debug|Any CPU.ActiveCfg = Debug|Any CPU
		{EE476FEC-F6A6-4819-B34B-07E44CE1963B}.Debug|Any CPU.Build.0 = Debug|Any CPU
		{EE476FEC-F6A6-4819-B34B-07E44CE1963B}.Release|Any CPU.ActiveCfg = Release|Any CPU
		{EE476FEC-F6A6-4819-B34B-07E44CE1963B}.Release|Any CPU.Build.0 = Release|Any CPU
		{5807643C-2B23-4330-A2EA-79855AC6C1DE}.Debug|Any CPU.ActiveCfg = Debug|Any CPU
		{5807643C-2B23-4330-A2EA-79855AC6C1DE}.Debug|Any CPU.Build.0 = Debug|Any CPU
		{5807643C-2B23-4330-A2EA-79855AC6C1DE}.Release|Any CPU.ActiveCfg = Release|Any CPU
		{5807643C-2B23-4330-A2EA-79855AC6C1DE}.Release|Any CPU.Build.0 = Release|Any CPU
	EndGlobalSection
	GlobalSection(SolutionProperties) = preSolution
		HideSolutionNode = FALSE
	EndGlobalSection
	GlobalSection(NestedProjects) = preSolution
		{28AFD6F4-B79B-486A-8F91-A61FDB355B29} = {6EF307C6-7ACF-4CB0-9104-67830CF3937B}
		{4873F440-3D2A-43E0-B81A-171F588CB3B6} = {6EF307C6-7ACF-4CB0-9104-67830CF3937B}
		{4B08FDE7-4AD3-4A54-95D6-5E64CCB30F51} = {6EF307C6-7ACF-4CB0-9104-67830CF3937B}
		{EE476FEC-F6A6-4819-B34B-07E44CE1963B} = {6EF307C6-7ACF-4CB0-9104-67830CF3937B}
		{5807643C-2B23-4330-A2EA-79855AC6C1DE} = {6EF307C6-7ACF-4CB0-9104-67830CF3937B}
	EndGlobalSection
	GlobalSection(ExtensibilityGlobals) = postSolution
		SolutionGuid = {C4A716B7-447D-415C-BC2C-3F64C07D66AB}
	EndGlobalSection
EndGlobal
